
Microsoft Visual Studio Solution File, Format Version 12.00
# Visual Studio 2013
VisualStudioVersion = 12.0.21005.1
MinimumVisualStudioVersion = 10.0.40219.1
Project("{FAE04EC0-301F-11D3-BF4B-00C04F79EFBC}") = "Z-Market", "Z-Market\Z-Market.csproj", "{A12E46D2-7B4E-4B74-800F-EF3210A8962B}"
EndProject
Project("{FAE04EC0-301F-11D3-BF4B-00C04F79EFBC}") = "Z-Market.Tests", "Z-Market.Tests\Z-Market.Tests.csproj", "{5EE20F9F-8DDF-4EA3-85E4-632F7F49C271}"
EndProject
Global
	GlobalSection(SolutionConfigurationPlatforms) = preSolution
		Debug|Any CPU = Debug|Any CPU
		Release|Any CPU = Release|Any CPU
	EndGlobalSection
	GlobalSection(ProjectConfigurationPlatforms) = postSolution
		{A12E46D2-7B4E-4B74-800F-EF3210A8962B}.Debug|Any CPU.ActiveCfg = Debug|Any CPU
		{A12E46D2-7B4E-4B74-800F-EF3210A8962B}.Debug|Any CPU.Build.0 = Debug|Any CPU
		{A12E46D2-7B4E-4B74-800F-EF3210A8962B}.Release|Any CPU.ActiveCfg = Release|Any CPU
		{A12E46D2-7B4E-4B74-800F-EF3210A8962B}.Release|Any CPU.Build.0 = Release|Any CPU
		{5EE20F9F-8DDF-4EA3-85E4-632F7F49C271}.Debug|Any CPU.ActiveCfg = Debug|Any CPU
		{5EE20F9F-8DDF-4EA3-85E4-632F7F49C271}.Debug|Any CPU.Build.0 = Debug|Any CPU
		{5EE20F9F-8DDF-4EA3-85E4-632F7F49C271}.Release|Any CPU.ActiveCfg = Release|Any CPU
		{5EE20F9F-8DDF-4EA3-85E4-632F7F49C271}.Release|Any CPU.Build.0 = Release|Any CPU
	EndGlobalSection
	GlobalSection(SolutionProperties) = preSolution
		HideSolutionNode = FALSE
	EndGlobalSection
EndGlobal
